// !$*UTF8*$!
{
	archiveVersion = 1;
	classes = {
	};
	objectVersion = 63;
	objects = {

/* Begin PBXBuildFile section */
		85162D4A2CAE1DBA00AEBDDC /* Recommendation.swift in Sources */ = {isa = PBXBuildFile; fileRef = 85162D362CAE1DBA00AEBDDC /* Recommendation.swift */; };
		85162D4B2CAE1DBA00AEBDDC /* Extension+Array.swift in Sources */ = {isa = PBXBuildFile; fileRef = 85162D382CAE1DBA00AEBDDC /* Extension+Array.swift */; };
		85162D4C2CAE1DBA00AEBDDC /* NetworkError.swift in Sources */ = {isa = PBXBuildFile; fileRef = 85162D3A2CAE1DBA00AEBDDC /* NetworkError.swift */; };
		85162D4D2CAE1DBA00AEBDDC /* NetworkManager.swift in Sources */ = {isa = PBXBuildFile; fileRef = 85162D3B2CAE1DBA00AEBDDC /* NetworkManager.swift */; };
		85162D4E2CAE1DBA00AEBDDC /* Reachability.swift in Sources */ = {isa = PBXBuildFile; fileRef = 85162D3C2CAE1DBA00AEBDDC /* Reachability.swift */; };
		85162D4F2CAE1DBA00AEBDDC /* HomeRepository.swift in Sources */ = {isa = PBXBuildFile; fileRef = 85162D402CAE1DBA00AEBDDC /* HomeRepository.swift */; };
		85162D502CAE1DBA00AEBDDC /* HomeViewModel.swift in Sources */ = {isa = PBXBuildFile; fileRef = 85162D422CAE1DBA00AEBDDC /* HomeViewModel.swift */; };
		85162D512CAE1DBA00AEBDDC /* RecommendationUIState.swift in Sources */ = {isa = PBXBuildFile; fileRef = 85162D432CAE1DBA00AEBDDC /* RecommendationUIState.swift */; };
		85162D522CAE1DBA00AEBDDC /* Constants.swift in Sources */ = {isa = PBXBuildFile; fileRef = 85162D462CAE1DBA00AEBDDC /* Constants.swift */; };
		85162D532CAE1DBA00AEBDDC /* HomeView.swift in Sources */ = {isa = PBXBuildFile; fileRef = 85162D472CAE1DBA00AEBDDC /* HomeView.swift */; };
		85162D542CAE1DBA00AEBDDC /* TheGlobeApp.swift in Sources */ = {isa = PBXBuildFile; fileRef = 85162D482CAE1DBA00AEBDDC /* TheGlobeApp.swift */; };
		85162D552CAE1DBA00AEBDDC /* Preview Assets.xcassets in Resources */ = {isa = PBXBuildFile; fileRef = 85162D3E2CAE1DBA00AEBDDC /* Preview Assets.xcassets */; };
		85162D562CAE1DBA00AEBDDC /* Assets.xcassets in Resources */ = {isa = PBXBuildFile; fileRef = 85162D452CAE1DBA00AEBDDC /* Assets.xcassets */; };
/* End PBXBuildFile section */

/* Begin PBXContainerItemProxy section */
		85BB95F62CAB234900F58398 /* PBXContainerItemProxy */ = {
			isa = PBXContainerItemProxy;
			containerPortal = 85BB95DD2CAB234700F58398 /* Project object */;
			proxyType = 1;
			remoteGlobalIDString = 85BB95E42CAB234700F58398;
			remoteInfo = TheGlobe;
		};
		85BB96002CAB234900F58398 /* PBXContainerItemProxy */ = {
			isa = PBXContainerItemProxy;
			containerPortal = 85BB95DD2CAB234700F58398 /* Project object */;
			proxyType = 1;
			remoteGlobalIDString = 85BB95E42CAB234700F58398;
			remoteInfo = TheGlobe;
		};
/* End PBXContainerItemProxy section */

/* Begin PBXFileReference section */
		85162D362CAE1DBA00AEBDDC /* Recommendation.swift */ = {isa = PBXFileReference; lastKnownFileType = sourcecode.swift; path = Recommendation.swift; sourceTree = "<group>"; };
		85162D382CAE1DBA00AEBDDC /* Extension+Array.swift */ = {isa = PBXFileReference; lastKnownFileType = sourcecode.swift; path = "Extension+Array.swift"; sourceTree = "<group>"; };
		85162D3A2CAE1DBA00AEBDDC /* NetworkError.swift */ = {isa = PBXFileReference; lastKnownFileType = sourcecode.swift; path = NetworkError.swift; sourceTree = "<group>"; };
		85162D3B2CAE1DBA00AEBDDC /* NetworkManager.swift */ = {isa = PBXFileReference; lastKnownFileType = sourcecode.swift; path = NetworkManager.swift; sourceTree = "<group>"; };
		85162D3C2CAE1DBA00AEBDDC /* Reachability.swift */ = {isa = PBXFileReference; lastKnownFileType = sourcecode.swift; path = Reachability.swift; sourceTree = "<group>"; };
		85162D3E2CAE1DBA00AEBDDC /* Preview Assets.xcassets */ = {isa = PBXFileReference; lastKnownFileType = folder.assetcatalog; path = "Preview Assets.xcassets"; sourceTree = "<group>"; };
		85162D402CAE1DBA00AEBDDC /* HomeRepository.swift */ = {isa = PBXFileReference; lastKnownFileType = sourcecode.swift; path = HomeRepository.swift; sourceTree = "<group>"; };
		85162D422CAE1DBA00AEBDDC /* HomeViewModel.swift */ = {isa = PBXFileReference; lastKnownFileType = sourcecode.swift; path = HomeViewModel.swift; sourceTree = "<group>"; };
		85162D432CAE1DBA00AEBDDC /* RecommendationUIState.swift */ = {isa = PBXFileReference; lastKnownFileType = sourcecode.swift; path = RecommendationUIState.swift; sourceTree = "<group>"; };
		85162D452CAE1DBA00AEBDDC /* Assets.xcassets */ = {isa = PBXFileReference; lastKnownFileType = folder.assetcatalog; path = Assets.xcassets; sourceTree = "<group>"; };
		85162D462CAE1DBA00AEBDDC /* Constants.swift */ = {isa = PBXFileReference; lastKnownFileType = sourcecode.swift; path = Constants.swift; sourceTree = "<group>"; };
		85162D472CAE1DBA00AEBDDC /* HomeView.swift */ = {isa = PBXFileReference; lastKnownFileType = sourcecode.swift; path = HomeView.swift; sourceTree = "<group>"; };
		85162D482CAE1DBA00AEBDDC /* TheGlobeApp.swift */ = {isa = PBXFileReference; lastKnownFileType = sourcecode.swift; path = TheGlobeApp.swift; sourceTree = "<group>"; };
		85BB95E52CAB234700F58398 /* TheGlobe.app */ = {isa = PBXFileReference; explicitFileType = wrapper.application; includeInIndex = 0; path = TheGlobe.app; sourceTree = BUILT_PRODUCTS_DIR; };
		85BB95F52CAB234900F58398 /* TheGlobeTests.xctest */ = {isa = PBXFileReference; explicitFileType = wrapper.cfbundle; includeInIndex = 0; path = TheGlobeTests.xctest; sourceTree = BUILT_PRODUCTS_DIR; };
		85BB95FF2CAB234900F58398 /* TheGlobeUITests.xctest */ = {isa = PBXFileReference; explicitFileType = wrapper.cfbundle; includeInIndex = 0; path = TheGlobeUITests.xctest; sourceTree = BUILT_PRODUCTS_DIR; };
/* End PBXFileReference section */

/* Begin PBXFrameworksBuildPhase section */
		85BB95E22CAB234700F58398 /* Frameworks */ = {
			isa = PBXFrameworksBuildPhase;
			buildActionMask = 2147483647;
			files = (
			);
			runOnlyForDeploymentPostprocessing = 0;
		};
		85BB95F22CAB234900F58398 /* Frameworks */ = {
			isa = PBXFrameworksBuildPhase;
			buildActionMask = 2147483647;
			files = (
			);
			runOnlyForDeploymentPostprocessing = 0;
		};
		85BB95FC2CAB234900F58398 /* Frameworks */ = {
			isa = PBXFrameworksBuildPhase;
			buildActionMask = 2147483647;
			files = (
			);
			runOnlyForDeploymentPostprocessing = 0;
		};
/* End PBXFrameworksBuildPhase section */

/* Begin PBXGroup section */
		85162D372CAE1DBA00AEBDDC /* APIModel */ = {
			isa = PBXGroup;
			children = (
				85162D362CAE1DBA00AEBDDC /* Recommendation.swift */,
			);
			path = APIModel;
			sourceTree = "<group>";
		};
		85162D392CAE1DBA00AEBDDC /* Extension */ = {
			isa = PBXGroup;
			children = (
				85162D382CAE1DBA00AEBDDC /* Extension+Array.swift */,
			);
			path = Extension;
			sourceTree = "<group>";
		};
		85162D3D2CAE1DBA00AEBDDC /* NetworkLayer */ = {
			isa = PBXGroup;
			children = (
				85162D3A2CAE1DBA00AEBDDC /* NetworkError.swift */,
				85162D3B2CAE1DBA00AEBDDC /* NetworkManager.swift */,
				85162D3C2CAE1DBA00AEBDDC /* Reachability.swift */,
			);
			path = NetworkLayer;
			sourceTree = "<group>";
		};
		85162D3F2CAE1DBA00AEBDDC /* PreviewContent */ = {
			isa = PBXGroup;
			children = (
				85162D3E2CAE1DBA00AEBDDC /* Preview Assets.xcassets */,
			);
			path = PreviewContent;
			sourceTree = "<group>";
		};
		85162D412CAE1DBA00AEBDDC /* Repository */ = {
			isa = PBXGroup;
			children = (
				85162D402CAE1DBA00AEBDDC /* HomeRepository.swift */,
			);
			path = Repository;
			sourceTree = "<group>";
		};
		85162D442CAE1DBA00AEBDDC /* ViewModel */ = {
			isa = PBXGroup;
			children = (
				85162D422CAE1DBA00AEBDDC /* HomeViewModel.swift */,
				85162D432CAE1DBA00AEBDDC /* RecommendationUIState.swift */,
			);
			path = ViewModel;
			sourceTree = "<group>";
		};
		85162D492CAE1DBA00AEBDDC /* TheGlobe */ = {
			isa = PBXGroup;
			children = (
				85162D372CAE1DBA00AEBDDC /* APIModel */,
				85162D392CAE1DBA00AEBDDC /* Extension */,
				85162D3D2CAE1DBA00AEBDDC /* NetworkLayer */,
				85162D3F2CAE1DBA00AEBDDC /* PreviewContent */,
				85162D412CAE1DBA00AEBDDC /* Repository */,
				85162D442CAE1DBA00AEBDDC /* ViewModel */,
				85162D452CAE1DBA00AEBDDC /* Assets.xcassets */,
				85162D462CAE1DBA00AEBDDC /* Constants.swift */,
				85162D472CAE1DBA00AEBDDC /* HomeView.swift */,
				85162D482CAE1DBA00AEBDDC /* TheGlobeApp.swift */,
			);
			path = TheGlobe;
			sourceTree = "<group>";
		};
		85BB95DC2CAB234700F58398 = {
			isa = PBXGroup;
			children = (
				85162D492CAE1DBA00AEBDDC /* TheGlobe */,
				85BB95E62CAB234700F58398 /* Products */,
			);
			sourceTree = "<group>";
		};
		85BB95E62CAB234700F58398 /* Products */ = {
			isa = PBXGroup;
			children = (
				85BB95E52CAB234700F58398 /* TheGlobe.app */,
				85BB95F52CAB234900F58398 /* TheGlobeTests.xctest */,
				85BB95FF2CAB234900F58398 /* TheGlobeUITests.xctest */,
			);
			name = Products;
			sourceTree = "<group>";
		};
/* End PBXGroup section */

/* Begin PBXNativeTarget section */
		85BB95E42CAB234700F58398 /* TheGlobe */ = {
			isa = PBXNativeTarget;
			buildConfigurationList = 85BB96092CAB234900F58398 /* Build configuration list for PBXNativeTarget "TheGlobe" */;
			buildPhases = (
				85BB95E12CAB234700F58398 /* Sources */,
				85BB95E22CAB234700F58398 /* Frameworks */,
				85BB95E32CAB234700F58398 /* Resources */,
			);
			buildRules = (
			);
			dependencies = (
			);
			name = TheGlobe;
			packageProductDependencies = (
			);
			productName = TheGlobe;
			productReference = 85BB95E52CAB234700F58398 /* TheGlobe.app */;
			productType = "com.apple.product-type.application";
		};
		85BB95F42CAB234900F58398 /* TheGlobeTests */ = {
			isa = PBXNativeTarget;
			buildConfigurationList = 85BB960C2CAB234900F58398 /* Build configuration list for PBXNativeTarget "TheGlobeTests" */;
			buildPhases = (
				85BB95F12CAB234900F58398 /* Sources */,
				85BB95F22CAB234900F58398 /* Frameworks */,
				85BB95F32CAB234900F58398 /* Resources */,
			);
			buildRules = (
			);
			dependencies = (
				85BB95F72CAB234900F58398 /* PBXTargetDependency */,
			);
			name = TheGlobeTests;
			packageProductDependencies = (
			);
			productName = TheGlobeTests;
			productReference = 85BB95F52CAB234900F58398 /* TheGlobeTests.xctest */;
			productType = "com.apple.product-type.bundle.unit-test";
		};
		85BB95FE2CAB234900F58398 /* TheGlobeUITests */ = {
			isa = PBXNativeTarget;
			buildConfigurationList = 85BB960F2CAB234900F58398 /* Build configuration list for PBXNativeTarget "TheGlobeUITests" */;
			buildPhases = (
				85BB95FB2CAB234900F58398 /* Sources */,
				85BB95FC2CAB234900F58398 /* Frameworks */,
				85BB95FD2CAB234900F58398 /* Resources */,
			);
			buildRules = (
			);
			dependencies = (
				85BB96012CAB234900F58398 /* PBXTargetDependency */,
			);
			name = TheGlobeUITests;
			packageProductDependencies = (
			);
			productName = TheGlobeUITests;
			productReference = 85BB95FF2CAB234900F58398 /* TheGlobeUITests.xctest */;
			productType = "com.apple.product-type.bundle.ui-testing";
		};
/* End PBXNativeTarget section */

/* Begin PBXProject section */
		85BB95DD2CAB234700F58398 /* Project object */ = {
			isa = PBXProject;
			attributes = {
				BuildIndependentTargetsInParallel = 1;
				LastSwiftUpdateCheck = 1600;
				LastUpgradeCheck = 1600;
				TargetAttributes = {
					85BB95E42CAB234700F58398 = {
						CreatedOnToolsVersion = 16.0;
					};
					85BB95F42CAB234900F58398 = {
						CreatedOnToolsVersion = 16.0;
						TestTargetID = 85BB95E42CAB234700F58398;
					};
					85BB95FE2CAB234900F58398 = {
						CreatedOnToolsVersion = 16.0;
						TestTargetID = 85BB95E42CAB234700F58398;
					};
				};
			};
			buildConfigurationList = 85BB95E02CAB234700F58398 /* Build configuration list for PBXProject "TheGlobe" */;
			compatibilityVersion = "Xcode 15.3";
			developmentRegion = en;
			hasScannedForEncodings = 0;
			knownRegions = (
				en,
				Base,
			);
			mainGroup = 85BB95DC2CAB234700F58398;
			minimizedProjectReferenceProxies = 1;
			productRefGroup = 85BB95E62CAB234700F58398 /* Products */;
			projectDirPath = "";
			projectRoot = "";
			targets = (
				85BB95E42CAB234700F58398 /* TheGlobe */,
				85BB95F42CAB234900F58398 /* TheGlobeTests */,
				85BB95FE2CAB234900F58398 /* TheGlobeUITests */,
			);
		};
/* End PBXProject section */

/* Begin PBXResourcesBuildPhase section */
		85BB95E32CAB234700F58398 /* Resources */ = {
			isa = PBXResourcesBuildPhase;
			buildActionMask = 2147483647;
			files = (
				85162D552CAE1DBA00AEBDDC /* Preview Assets.xcassets in Resources */,
				85162D562CAE1DBA00AEBDDC /* Assets.xcassets in Resources */,
			);
			runOnlyForDeploymentPostprocessing = 0;
		};
		85BB95F32CAB234900F58398 /* Resources */ = {
			isa = PBXResourcesBuildPhase;
			buildActionMask = 2147483647;
			files = (
			);
			runOnlyForDeploymentPostprocessing = 0;
		};
		85BB95FD2CAB234900F58398 /* Resources */ = {
			isa = PBXResourcesBuildPhase;
			buildActionMask = 2147483647;
			files = (
			);
			runOnlyForDeploymentPostprocessing = 0;
		};
/* End PBXResourcesBuildPhase section */

/* Begin PBXSourcesBuildPhase section */
		85BB95E12CAB234700F58398 /* Sources */ = {
			isa = PBXSourcesBuildPhase;
			buildActionMask = 2147483647;
			files = (
				85162D4A2CAE1DBA00AEBDDC /* Recommendation.swift in Sources */,
				85162D4B2CAE1DBA00AEBDDC /* Extension+Array.swift in Sources */,
				85162D4C2CAE1DBA00AEBDDC /* NetworkError.swift in Sources */,
				85162D4D2CAE1DBA00AEBDDC /* NetworkManager.swift in Sources */,
				85162D4E2CAE1DBA00AEBDDC /* Reachability.swift in Sources */,
				85162D4F2CAE1DBA00AEBDDC /* HomeRepository.swift in Sources */,
				85162D502CAE1DBA00AEBDDC /* HomeViewModel.swift in Sources */,
				85162D512CAE1DBA00AEBDDC /* RecommendationUIState.swift in Sources */,
				85162D522CAE1DBA00AEBDDC /* Constants.swift in Sources */,
				85162D532CAE1DBA00AEBDDC /* HomeView.swift in Sources */,
				85162D542CAE1DBA00AEBDDC /* TheGlobeApp.swift in Sources */,
			);
			runOnlyForDeploymentPostprocessing = 0;
		};
		85BB95F12CAB234900F58398 /* Sources */ = {
			isa = PBXSourcesBuildPhase;
			buildActionMask = 2147483647;
			files = (
			);
			runOnlyForDeploymentPostprocessing = 0;
		};
		85BB95FB2CAB234900F58398 /* Sources */ = {
			isa = PBXSourcesBuildPhase;
			buildActionMask = 2147483647;
			files = (
			);
			runOnlyForDeploymentPostprocessing = 0;
		};
/* End PBXSourcesBuildPhase section */

/* Begin PBXTargetDependency section */
		85BB95F72CAB234900F58398 /* PBXTargetDependency */ = {
			isa = PBXTargetDependency;
			target = 85BB95E42CAB234700F58398 /* TheGlobe */;
			targetProxy = 85BB95F62CAB234900F58398 /* PBXContainerItemProxy */;
		};
		85BB96012CAB234900F58398 /* PBXTargetDependency */ = {
			isa = PBXTargetDependency;
			target = 85BB95E42CAB234700F58398 /* TheGlobe */;
			targetProxy = 85BB96002CAB234900F58398 /* PBXContainerItemProxy */;
		};
/* End PBXTargetDependency section */

/* Begin XCBuildConfiguration section */
		85BB96072CAB234900F58398 /* Debug */ = {
			isa = XCBuildConfiguration;
			buildSettings = {
				ALWAYS_SEARCH_USER_PATHS = NO;
				ASSETCATALOG_COMPILER_GENERATE_SWIFT_ASSET_SYMBOL_EXTENSIONS = YES;
				CLANG_ANALYZER_NONNULL = YES;
				CLANG_ANALYZER_NUMBER_OBJECT_CONVERSION = YES_AGGRESSIVE;
				CLANG_CXX_LANGUAGE_STANDARD = "gnu++20";
				CLANG_ENABLE_MODULES = YES;
				CLANG_ENABLE_OBJC_ARC = YES;
				CLANG_ENABLE_OBJC_WEAK = YES;
				CLANG_WARN_BLOCK_CAPTURE_AUTORELEASING = YES;
				CLANG_WARN_BOOL_CONVERSION = YES;
				CLANG_WARN_COMMA = YES;
				CLANG_WARN_CONSTANT_CONVERSION = YES;
				CLANG_WARN_DEPRECATED_OBJC_IMPLEMENTATIONS = YES;
				CLANG_WARN_DIRECT_OBJC_ISA_USAGE = YES_ERROR;
				CLANG_WARN_DOCUMENTATION_COMMENTS = YES;
				CLANG_WARN_EMPTY_BODY = YES;
				CLANG_WARN_ENUM_CONVERSION = YES;
				CLANG_WARN_INFINITE_RECURSION = YES;
				CLANG_WARN_INT_CONVERSION = YES;
				CLANG_WARN_NON_LITERAL_NULL_CONVERSION = YES;
				CLANG_WARN_OBJC_IMPLICIT_RETAIN_SELF = YES;
				CLANG_WARN_OBJC_LITERAL_CONVERSION = YES;
				CLANG_WARN_OBJC_ROOT_CLASS = YES_ERROR;
				CLANG_WARN_QUOTED_INCLUDE_IN_FRAMEWORK_HEADER = YES;
				CLANG_WARN_RANGE_LOOP_ANALYSIS = YES;
				CLANG_WARN_STRICT_PROTOTYPES = YES;
				CLANG_WARN_SUSPICIOUS_MOVE = YES;
				CLANG_WARN_UNGUARDED_AVAILABILITY = YES_AGGRESSIVE;
				CLANG_WARN_UNREACHABLE_CODE = YES;
				CLANG_WARN__DUPLICATE_METHOD_MATCH = YES;
				COPY_PHASE_STRIP = NO;
				DEBUG_INFORMATION_FORMAT = dwarf;
				ENABLE_STRICT_OBJC_MSGSEND = YES;
				ENABLE_TESTABILITY = YES;
				ENABLE_USER_SCRIPT_SANDBOXING = YES;
				GCC_C_LANGUAGE_STANDARD = gnu17;
				GCC_DYNAMIC_NO_PIC = NO;
				GCC_NO_COMMON_BLOCKS = YES;
				GCC_OPTIMIZATION_LEVEL = 0;
				GCC_PREPROCESSOR_DEFINITIONS = (
					"DEBUG=1",
					"$(inherited)",
				);
				GCC_WARN_64_TO_32_BIT_CONVERSION = YES;
				GCC_WARN_ABOUT_RETURN_TYPE = YES_ERROR;
				GCC_WARN_UNDECLARED_SELECTOR = YES;
				GCC_WARN_UNINITIALIZED_AUTOS = YES_AGGRESSIVE;
				GCC_WARN_UNUSED_FUNCTION = YES;
				GCC_WARN_UNUSED_VARIABLE = YES;
				IPHONEOS_DEPLOYMENT_TARGET = 18.0;
				LOCALIZATION_PREFERS_STRING_CATALOGS = YES;
				MTL_ENABLE_DEBUG_INFO = INCLUDE_SOURCE;
				MTL_FAST_MATH = YES;
				ONLY_ACTIVE_ARCH = YES;
				SDKROOT = iphoneos;
				SWIFT_ACTIVE_COMPILATION_CONDITIONS = "DEBUG $(inherited)";
				SWIFT_OPTIMIZATION_LEVEL = "-Onone";
			};
			name = Debug;
		};
		85BB96082CAB234900F58398 /* Release */ = {
			isa = XCBuildConfiguration;
			buildSettings = {
				ALWAYS_SEARCH_USER_PATHS = NO;
				ASSETCATALOG_COMPILER_GENERATE_SWIFT_ASSET_SYMBOL_EXTENSIONS = YES;
				CLANG_ANALYZER_NONNULL = YES;
				CLANG_ANALYZER_NUMBER_OBJECT_CONVERSION = YES_AGGRESSIVE;
				CLANG_CXX_LANGUAGE_STANDARD = "gnu++20";
				CLANG_ENABLE_MODULES = YES;
				CLANG_ENABLE_OBJC_ARC = YES;
				CLANG_ENABLE_OBJC_WEAK = YES;
				CLANG_WARN_BLOCK_CAPTURE_AUTORELEASING = YES;
				CLANG_WARN_BOOL_CONVERSION = YES;
				CLANG_WARN_COMMA = YES;
				CLANG_WARN_CONSTANT_CONVERSION = YES;
				CLANG_WARN_DEPRECATED_OBJC_IMPLEMENTATIONS = YES;
				CLANG_WARN_DIRECT_OBJC_ISA_USAGE = YES_ERROR;
				CLANG_WARN_DOCUMENTATION_COMMENTS = YES;
				CLANG_WARN_EMPTY_BODY = YES;
				CLANG_WARN_ENUM_CONVERSION = YES;
				CLANG_WARN_INFINITE_RECURSION = YES;
				CLANG_WARN_INT_CONVERSION = YES;
				CLANG_WARN_NON_LITERAL_NULL_CONVERSION = YES;
				CLANG_WARN_OBJC_IMPLICIT_RETAIN_SELF = YES;
				CLANG_WARN_OBJC_LITERAL_CONVERSION = YES;
				CLANG_WARN_OBJC_ROOT_CLASS = YES_ERROR;
				CLANG_WARN_QUOTED_INCLUDE_IN_FRAMEWORK_HEADER = YES;
				CLANG_WARN_RANGE_LOOP_ANALYSIS = YES;
				CLANG_WARN_STRICT_PROTOTYPES = YES;
				CLANG_WARN_SUSPICIOUS_MOVE = YES;
				CLANG_WARN_UNGUARDED_AVAILABILITY = YES_AGGRESSIVE;
				CLANG_WARN_UNREACHABLE_CODE = YES;
				CLANG_WARN__DUPLICATE_METHOD_MATCH = YES;
				COPY_PHASE_STRIP = NO;
				DEBUG_INFORMATION_FORMAT = "dwarf-with-dsym";
				ENABLE_NS_ASSERTIONS = NO;
				ENABLE_STRICT_OBJC_MSGSEND = YES;
				ENABLE_USER_SCRIPT_SANDBOXING = YES;
				GCC_C_LANGUAGE_STANDARD = gnu17;
				GCC_NO_COMMON_BLOCKS = YES;
				GCC_WARN_64_TO_32_BIT_CONVERSION = YES;
				GCC_WARN_ABOUT_RETURN_TYPE = YES_ERROR;
				GCC_WARN_UNDECLARED_SELECTOR = YES;
				GCC_WARN_UNINITIALIZED_AUTOS = YES_AGGRESSIVE;
				GCC_WARN_UNUSED_FUNCTION = YES;
				GCC_WARN_UNUSED_VARIABLE = YES;
				IPHONEOS_DEPLOYMENT_TARGET = 18.0;
				LOCALIZATION_PREFERS_STRING_CATALOGS = YES;
				MTL_ENABLE_DEBUG_INFO = NO;
				MTL_FAST_MATH = YES;
				SDKROOT = iphoneos;
				SWIFT_COMPILATION_MODE = wholemodule;
				VALIDATE_PRODUCT = YES;
			};
			name = Release;
		};
		85BB960A2CAB234900F58398 /* Debug */ = {
			isa = XCBuildConfiguration;
			buildSettings = {
				ASSETCATALOG_COMPILER_APPICON_NAME = AppIcon;
				ASSETCATALOG_COMPILER_GLOBAL_ACCENT_COLOR_NAME = AccentColor;
				CODE_SIGN_STYLE = Automatic;
				CURRENT_PROJECT_VERSION = 1;
				DEVELOPMENT_ASSET_PATHS = "\"TheGlobe/PreviewContent\"";
				ENABLE_PREVIEWS = YES;
				GENERATE_INFOPLIST_FILE = YES;
				INFOPLIST_KEY_UIApplicationSceneManifest_Generation = YES;
				INFOPLIST_KEY_UIApplicationSupportsIndirectInputEvents = YES;
				INFOPLIST_KEY_UILaunchScreen_Generation = YES;
				INFOPLIST_KEY_UISupportedInterfaceOrientations_iPad = "UIInterfaceOrientationPortrait UIInterfaceOrientationPortraitUpsideDown UIInterfaceOrientationLandscapeLeft UIInterfaceOrientationLandscapeRight";
				INFOPLIST_KEY_UISupportedInterfaceOrientations_iPhone = "UIInterfaceOrientationPortrait UIInterfaceOrientationLandscapeLeft UIInterfaceOrientationLandscapeRight";
				IPHONEOS_DEPLOYMENT_TARGET = 16.6;
				LD_RUNPATH_SEARCH_PATHS = (
					"$(inherited)",
					"@executable_path/Frameworks",
				);
				MARKETING_VERSION = 1.0;
				PRODUCT_BUNDLE_IDENTIFIER = com.daljeet.theGlobe;
				PRODUCT_NAME = "$(TARGET_NAME)";
				SWIFT_EMIT_LOC_STRINGS = YES;
				SWIFT_VERSION = 5.0;
				TARGETED_DEVICE_FAMILY = "1,2";
			};
			name = Debug;
		};
		85BB960B2CAB234900F58398 /* Release */ = {
			isa = XCBuildConfiguration;
			buildSettings = {
				ASSETCATALOG_COMPILER_APPICON_NAME = AppIcon;
				ASSETCATALOG_COMPILER_GLOBAL_ACCENT_COLOR_NAME = AccentColor;
				CODE_SIGN_STYLE = Automatic;
				CURRENT_PROJECT_VERSION = 1;
				DEVELOPMENT_ASSET_PATHS = "\"TheGlobe/PreviewContent\"";
				ENABLE_PREVIEWS = YES;
				GENERATE_INFOPLIST_FILE = YES;
				INFOPLIST_KEY_UIApplicationSceneManifest_Generation = YES;
				INFOPLIST_KEY_UIApplicationSupportsIndirectInputEvents = YES;
				INFOPLIST_KEY_UILaunchScreen_Generation = YES;
				INFOPLIST_KEY_UISupportedInterfaceOrientations_iPad = "UIInterfaceOrientationPortrait UIInterfaceOrientationPortraitUpsideDown UIInterfaceOrientationLandscapeLeft UIInterfaceOrientationLandscapeRight";
				INFOPLIST_KEY_UISupportedInterfaceOrientations_iPhone = "UIInterfaceOrientationPortrait UIInterfaceOrientationLandscapeLeft UIInterfaceOrientationLandscapeRight";
				IPHONEOS_DEPLOYMENT_TARGET = 16.6;
				LD_RUNPATH_SEARCH_PATHS = (
					"$(inherited)",
					"@executable_path/Frameworks",
				);
				MARKETING_VERSION = 1.0;
				PRODUCT_BUNDLE_IDENTIFIER = com.daljeet.theGlobe;
				PRODUCT_NAME = "$(TARGET_NAME)";
				SWIFT_EMIT_LOC_STRINGS = YES;
				SWIFT_VERSION = 5.0;
				TARGETED_DEVICE_FAMILY = "1,2";
			};
			name = Release;
		};
		85BB960D2CAB234900F58398 /* Debug */ = {
			isa = XCBuildConfiguration;
			buildSettings = {
				BUNDLE_LOADER = "$(TEST_HOST)";
				CODE_SIGN_STYLE = Automatic;
				CURRENT_PROJECT_VERSION = 1;
				GENERATE_INFOPLIST_FILE = YES;
				IPHONEOS_DEPLOYMENT_TARGET = 18.0;
				MARKETING_VERSION = 1.0;
				PRODUCT_BUNDLE_IDENTIFIER = com.daljeet.theGlobe.TheGlobeTests;
				PRODUCT_NAME = "$(TARGET_NAME)";
				SWIFT_EMIT_LOC_STRINGS = NO;
				SWIFT_VERSION = 5.0;
				TARGETED_DEVICE_FAMILY = "1,2";
				TEST_HOST = "$(BUILT_PRODUCTS_DIR)/TheGlobe.app/$(BUNDLE_EXECUTABLE_FOLDER_PATH)/TheGlobe";
			};
			name = Debug;
		};
		85BB960E2CAB234900F58398 /* Release */ = {
			isa = XCBuildConfiguration;
			buildSettings = {
				BUNDLE_LOADER = "$(TEST_HOST)";
				CODE_SIGN_STYLE = Automatic;
				CURRENT_PROJECT_VERSION = 1;
				GENERATE_INFOPLIST_FILE = YES;
				IPHONEOS_DEPLOYMENT_TARGET = 18.0;
				MARKETING_VERSION = 1.0;
				PRODUCT_BUNDLE_IDENTIFIER = com.daljeet.theGlobe.TheGlobeTests;
				PRODUCT_NAME = "$(TARGET_NAME)";
				SWIFT_EMIT_LOC_STRINGS = NO;
				SWIFT_VERSION = 5.0;
				TARGETED_DEVICE_FAMILY = "1,2";
				TEST_HOST = "$(BUILT_PRODUCTS_DIR)/TheGlobe.app/$(BUNDLE_EXECUTABLE_FOLDER_PATH)/TheGlobe";
			};
			name = Release;
		};
		85BB96102CAB234900F58398 /* Debug */ = {
			isa = XCBuildConfiguration;
			buildSettings = {
				CODE_SIGN_STYLE = Automatic;
				CURRENT_PROJECT_VERSION = 1;
				GENERATE_INFOPLIST_FILE = YES;
				MARKETING_VERSION = 1.0;
				PRODUCT_BUNDLE_IDENTIFIER = com.daljeet.theGlobe.TheGlobeUITests;
				PRODUCT_NAME = "$(TARGET_NAME)";
				SWIFT_EMIT_LOC_STRINGS = NO;
				SWIFT_VERSION = 5.0;
				TARGETED_DEVICE_FAMILY = "1,2";
				TEST_TARGET_NAME = TheGlobe;
			};
			name = Debug;
		};
		85BB96112CAB234900F58398 /* Release */ = {
			isa = XCBuildConfiguration;
			buildSettings = {
				CODE_SIGN_STYLE = Automatic;
				CURRENT_PROJECT_VERSION = 1;
				GENERATE_INFOPLIST_FILE = YES;
				MARKETING_VERSION = 1.0;
				PRODUCT_BUNDLE_IDENTIFIER = com.daljeet.theGlobe.TheGlobeUITests;
				PRODUCT_NAME = "$(TARGET_NAME)";
				SWIFT_EMIT_LOC_STRINGS = NO;
				SWIFT_VERSION = 5.0;
				TARGETED_DEVICE_FAMILY = "1,2";
				TEST_TARGET_NAME = TheGlobe;
			};
			name = Release;
		};
/* End XCBuildConfiguration section */

/* Begin XCConfigurationList section */
		85BB95E02CAB234700F58398 /* Build configuration list for PBXProject "TheGlobe" */ = {
			isa = XCConfigurationList;
			buildConfigurations = (
				85BB96072CAB234900F58398 /* Debug */,
				85BB96082CAB234900F58398 /* Release */,
			);
			defaultConfigurationIsVisible = 0;
			defaultConfigurationName = Release;
		};
		85BB96092CAB234900F58398 /* Build configuration list for PBXNativeTarget "TheGlobe" */ = {
			isa = XCConfigurationList;
			buildConfigurations = (
				85BB960A2CAB234900F58398 /* Debug */,
				85BB960B2CAB234900F58398 /* Release */,
			);
			defaultConfigurationIsVisible = 0;
			defaultConfigurationName = Release;
		};
		85BB960C2CAB234900F58398 /* Build configuration list for PBXNativeTarget "TheGlobeTests" */ = {
			isa = XCConfigurationList;
			buildConfigurations = (
				85BB960D2CAB234900F58398 /* Debug */,
				85BB960E2CAB234900F58398 /* Release */,
			);
			defaultConfigurationIsVisible = 0;
			defaultConfigurationName = Release;
		};
		85BB960F2CAB234900F58398 /* Build configuration list for PBXNativeTarget "TheGlobeUITests" */ = {
			isa = XCConfigurationList;
			buildConfigurations = (
				85BB96102CAB234900F58398 /* Debug */,
				85BB96112CAB234900F58398 /* Release */,
			);
			defaultConfigurationIsVisible = 0;
			defaultConfigurationName = Release;
		};
/* End XCConfigurationList section */
	};
	rootObject = 85BB95DD2CAB234700F58398 /* Project object */;
}
